lockfileVersion: '9.0'

settings:
  autoInstallPeers: true
  excludeLinksFromLockfile: false

importers:

  .:
    devDependencies:
      '@iarna/toml':
        specifier: ^2.2.5
        version: 2.2.5
      zx:
        specifier: ^8.5.3
        version: 8.5.3

packages:

  '@iarna/toml@2.2.5':
    resolution: {integrity: sha512-trnsAYxU3xnS1gPHPyU961coFyLkh4gAD/0zQ5mymY4yOZ+CYvsPqUbOFSw0aDM4y0tV7tiFxL/1XfXPNC6IPg==}

  zx@8.5.3:
    resolution: {integrity: sha512-TsGLAt8Ngr4wDXLZmN9BT+6FWVLFbqdQ0qpXkV3tIfH7F+MgN/WUeSY7W4nNqAntjWunmnRaznpyxtJRPhCbUQ==}
    engines: {node: '>= 12.17.0'}
    hasBin: true

snapshots:

  '@iarna/toml@2.2.5': {}

  zx@8.5.3: {}
