lockfileVersion: '9.0'

settings:
  autoInstallPeers: true
  excludeLinksFromLockfile: false

importers:

  .:
    devDependencies:
      '@iarna/toml':
        specifier: ^2.2.5
        version: 2.2.5
      zx:
        specifier: ^8.7.0
        version: 8.7.0

packages:

  '@iarna/toml@2.2.5':
    resolution: {integrity: sha512-trnsAYxU3xnS1gPHPyU961coFyLkh4gAD/0zQ5mymY4yOZ+CYvsPqUbOFSw0aDM4y0tV7tiFxL/1XfXPNC6IPg==}

  zx@8.7.0:
    resolution: {integrity: sha512-pArftqj5JV/er8p+czFZwF+k6SbCldl7kcfCR+rIiDIh3gUsLB0F3Xh05diP8PzToZ39D/GWeFoVFimjHQkbAg==}
    engines: {node: '>= 12.17.0'}
    hasBin: true

snapshots:

  '@iarna/toml@2.2.5': {}

  zx@8.7.0: {}
